
Microsoft Visual Studio Solution File, Format Version 12.00
# Visual Studio Version 16
VisualStudioVersion = 16.0.29403.142
MinimumVisualStudioVersion = 10.0.40219.1
Project("{FAE04EC0-301F-11D3-BF4B-00C04F79EFBC}") = "K8SAppOne", "K8SAppOne\K8SAppOne.csproj", "{9C810C94-6C01-4DEF-9DC5-87C74BDB323A}"
EndProject
Global
	GlobalSection(SolutionConfigurationPlatforms) = preSolution
		Debug|Any CPU = Debug|Any CPU
		Release|Any CPU = Release|Any CPU
	EndGlobalSection
	GlobalSection(ProjectConfigurationPlatforms) = postSolution
		{9C810C94-6C01-4DEF-9DC5-87C74BDB323A}.Debug|Any CPU.ActiveCfg = Debug|Any CPU
		{9C810C94-6C01-4DEF-9DC5-87C74BDB323A}.Debug|Any CPU.Build.0 = Debug|Any CPU
		{9C810C94-6C01-4DEF-9DC5-87C74BDB323A}.Release|Any CPU.ActiveCfg = Release|Any CPU
		{9C810C94-6C01-4DEF-9DC5-87C74BDB323A}.Release|Any CPU.Build.0 = Release|Any CPU
	EndGlobalSection
	GlobalSection(SolutionProperties) = preSolution
		HideSolutionNode = FALSE
	EndGlobalSection
	GlobalSection(ExtensibilityGlobals) = postSolution
		SolutionGuid = {203C40E2-DA95-4073-9274-C597273C372D}
	EndGlobalSection
EndGlobal
